{
  "nodes": {
    "nixpkgs": {
      "locked": {
        "lastModified": 1752483536,
        "narHash": "sha256-RaaMPRtewLITsV0JMIgoTSkSR+Wuu/a/I/Za0hiCes8=",
        "owner": "NixOS",
        "repo": "nixpkgs",
        "rev": "1156bb3c3d94de7c6a7dc798b42c98bb975f3a75",
        "type": "github"
      },
      "original": {
        "owner": "NixOS",
        "ref": "nixpkgs-25.05-darwin",
        "repo": "nixpkgs",
        "type": "github"
      }
    },
    "root": {
      "inputs": {
        "nixpkgs": "nixpkgs"
      }
    }
  },
  "root": "root",
  "version": 7
}
